// !$*UTF8*$!
{
	archiveVersion = 1;
	classes = {
	};
	objectVersion = 56;
	objects = {

/* Begin PBXBuildFile section */
		0465A31B29DC03D100ED66ED /* 1080_행렬.swift in Sources */ = {isa = PBXBuildFile; fileRef = 0465A31A29DC03D100ED66ED /* 1080_행렬.swift */; };
		0465A32529DFED9000ED66ED /* 21758_꿀 따기_100점.swift in Sources */ = {isa = PBXBuildFile; fileRef = 0465A32429DFED9000ED66ED /* 21758_꿀 따기_100점.swift */; };
		0465A32B29E6869600ED66ED /* 1992_쿼드트리.swift in Sources */ = {isa = PBXBuildFile; fileRef = 0465A32A29E6869600ED66ED /* 1992_쿼드트리.swift */; };
		0465A32D29EC366B00ED66ED /* 12919_A와 B 2_시간초과.swift in Sources */ = {isa = PBXBuildFile; fileRef = 0465A32C29EC366B00ED66ED /* 12919_A와 B 2_시간초과.swift */; };
		0465A33129EE43F900ED66ED /* 1027_고층 건물.swift in Sources */ = {isa = PBXBuildFile; fileRef = 0465A33029EE43F900ED66ED /* 1027_고층 건물.swift */; };
/* End PBXBuildFile section */

/* Begin PBXCopyFilesBuildPhase section */
		0465A30729DAB96F00ED66ED /* CopyFiles */ = {
			isa = PBXCopyFilesBuildPhase;
			buildActionMask = 2147483647;
			dstPath = /usr/share/man/man1/;
			dstSubfolderSpec = 0;
			files = (
			);
			runOnlyForDeploymentPostprocessing = 1;
		};
/* End PBXCopyFilesBuildPhase section */

/* Begin PBXFileReference section */
		0465A30929DAB96F00ED66ED /* BackJoon */ = {isa = PBXFileReference; explicitFileType = "compiled.mach-o.executable"; includeInIndex = 0; path = BackJoon; sourceTree = BUILT_PRODUCTS_DIR; };
		0465A30C29DAB96F00ED66ED /* 20115_에너지 드링크.swift */ = {isa = PBXFileReference; lastKnownFileType = sourcecode.swift; path = "20115_에너지 드링크.swift"; sourceTree = "<group>"; };
		0465A31629DBFDF600ED66ED /* 11501_주식_성공.swift */ = {isa = PBXFileReference; lastKnownFileType = sourcecode.swift; path = "11501_주식_성공.swift"; sourceTree = "<group>"; };
		0465A31A29DC03D100ED66ED /* 1080_행렬.swift */ = {isa = PBXFileReference; lastKnownFileType = sourcecode.swift; path = "1080_행렬.swift"; sourceTree = "<group>"; };
		0465A31C29DC11B400ED66ED /* 11501_주식_실패.swift */ = {isa = PBXFileReference; lastKnownFileType = sourcecode.swift; path = "11501_주식_실패.swift"; sourceTree = "<group>"; };
		0465A32029DD6B1900ED66ED /* 17615_볼 모으기.swift */ = {isa = PBXFileReference; lastKnownFileType = sourcecode.swift; path = "17615_볼 모으기.swift"; sourceTree = "<group>"; };
		0465A32229DEB62000ED66ED /* 21758_꿀 따기_55점.swift */ = {isa = PBXFileReference; lastKnownFileType = sourcecode.swift; path = "21758_꿀 따기_55점.swift"; sourceTree = "<group>"; };
		0465A32429DFED9000ED66ED /* 21758_꿀 따기_100점.swift */ = {isa = PBXFileReference; lastKnownFileType = sourcecode.swift; path = "21758_꿀 따기_100점.swift"; sourceTree = "<group>"; };
		0465A32629DFF33B00ED66ED /* 3085_사탕 게임.swift */ = {isa = PBXFileReference; lastKnownFileType = sourcecode.swift; path = "3085_사탕 게임.swift"; sourceTree = "<group>"; };
		0465A32829E64E5200ED66ED /* 1189_컴백홈.swift */ = {isa = PBXFileReference; lastKnownFileType = sourcecode.swift; path = "1189_컴백홈.swift"; sourceTree = "<group>"; };
		0465A32A29E6869600ED66ED /* 1992_쿼드트리.swift */ = {isa = PBXFileReference; lastKnownFileType = sourcecode.swift; path = "1992_쿼드트리.swift"; sourceTree = "<group>"; };
		0465A32C29EC366B00ED66ED /* 12919_A와 B 2_시간초과.swift */ = {isa = PBXFileReference; lastKnownFileType = sourcecode.swift; path = "12919_A와 B 2_시간초과.swift"; sourceTree = "<group>"; };
		0465A32E29ED4BDE00ED66ED /* 12919_A와 B 2.swift */ = {isa = PBXFileReference; lastKnownFileType = sourcecode.swift; path = "12919_A와 B 2.swift"; sourceTree = "<group>"; };
		0465A33029EE43F900ED66ED /* 1027_고층 건물.swift */ = {isa = PBXFileReference; lastKnownFileType = sourcecode.swift; path = "1027_고층 건물.swift"; sourceTree = "<group>"; };
/* End PBXFileReference section */

/* Begin PBXFrameworksBuildPhase section */
		0465A30629DAB96F00ED66ED /* Frameworks */ = {
			isa = PBXFrameworksBuildPhase;
			buildActionMask = 2147483647;
			files = (
			);
			runOnlyForDeploymentPostprocessing = 0;
		};
/* End PBXFrameworksBuildPhase section */

/* Begin PBXGroup section */
		0465A30029DAB96F00ED66ED = {
			isa = PBXGroup;
			children = (
				0465A30B29DAB96F00ED66ED /* BackJoon */,
				0465A30A29DAB96F00ED66ED /* Products */,
			);
			sourceTree = "<group>";
		};
		0465A30A29DAB96F00ED66ED /* Products */ = {
			isa = PBXGroup;
			children = (
				0465A30929DAB96F00ED66ED /* BackJoon */,
			);
			name = Products;
			sourceTree = "<group>";
		};
		0465A30B29DAB96F00ED66ED /* BackJoon */ = {
			isa = PBXGroup;
			children = (
				0465A30C29DAB96F00ED66ED /* 20115_에너지 드링크.swift */,
				0465A31A29DC03D100ED66ED /* 1080_행렬.swift */,
				0465A32029DD6B1900ED66ED /* 17615_볼 모으기.swift */,
				0465A31C29DC11B400ED66ED /* 11501_주식_실패.swift */,
				0465A31629DBFDF600ED66ED /* 11501_주식_성공.swift */,
				0465A32229DEB62000ED66ED /* 21758_꿀 따기_55점.swift */,
				0465A32429DFED9000ED66ED /* 21758_꿀 따기_100점.swift */,
				0465A32629DFF33B00ED66ED /* 3085_사탕 게임.swift */,
				0465A32829E64E5200ED66ED /* 1189_컴백홈.swift */,
				0465A32A29E6869600ED66ED /* 1992_쿼드트리.swift */,
				0465A32C29EC366B00ED66ED /* 12919_A와 B 2_시간초과.swift */,
				0465A32E29ED4BDE00ED66ED /* 12919_A와 B 2.swift */,
				0465A33029EE43F900ED66ED /* 1027_고층 건물.swift */,
			);
			path = BackJoon;
			sourceTree = "<group>";
		};
/* End PBXGroup section */

/* Begin PBXNativeTarget section */
		0465A30829DAB96F00ED66ED /* BackJoon */ = {
			isa = PBXNativeTarget;
			buildConfigurationList = 0465A31029DAB96F00ED66ED /* Build configuration list for PBXNativeTarget "BackJoon" */;
			buildPhases = (
				0465A30529DAB96F00ED66ED /* Sources */,
				0465A30629DAB96F00ED66ED /* Frameworks */,
				0465A30729DAB96F00ED66ED /* CopyFiles */,
			);
			buildRules = (
			);
			dependencies = (
			);
			name = BackJoon;
			productName = BackJoon;
			productReference = 0465A30929DAB96F00ED66ED /* BackJoon */;
			productType = "com.apple.product-type.tool";
		};
/* End PBXNativeTarget section */

/* Begin PBXProject section */
		0465A30129DAB96F00ED66ED /* Project object */ = {
			isa = PBXProject;
			attributes = {
				BuildIndependentTargetsInParallel = 1;
				LastSwiftUpdateCheck = 1400;
				LastUpgradeCheck = 1400;
				TargetAttributes = {
					0465A30829DAB96F00ED66ED = {
						CreatedOnToolsVersion = 14.0.1;
						LastSwiftMigration = 1400;
					};
				};
			};
			buildConfigurationList = 0465A30429DAB96F00ED66ED /* Build configuration list for PBXProject "BackJoon" */;
			compatibilityVersion = "Xcode 14.0";
			developmentRegion = en;
			hasScannedForEncodings = 0;
			knownRegions = (
				en,
				Base,
			);
			mainGroup = 0465A30029DAB96F00ED66ED;
			productRefGroup = 0465A30A29DAB96F00ED66ED /* Products */;
			projectDirPath = "";
			projectRoot = "";
			targets = (
				0465A30829DAB96F00ED66ED /* BackJoon */,
			);
		};
/* End PBXProject section */

/* Begin PBXSourcesBuildPhase section */
		0465A30529DAB96F00ED66ED /* Sources */ = {
			isa = PBXSourcesBuildPhase;
			buildActionMask = 2147483647;
			files = (
				0465A31B29DC03D100ED66ED /* 1080_행렬.swift in Sources */,
				0465A33129EE43F900ED66ED /* 1027_고층 건물.swift in Sources */,
				0465A32529DFED9000ED66ED /* 21758_꿀 따기_100점.swift in Sources */,
				0465A32D29EC366B00ED66ED /* 12919_A와 B 2_시간초과.swift in Sources */,
				0465A32B29E6869600ED66ED /* 1992_쿼드트리.swift in Sources */,
			);
			runOnlyForDeploymentPostprocessing = 0;
		};
/* End PBXSourcesBuildPhase section */

/* Begin XCBuildConfiguration section */
		0465A30E29DAB96F00ED66ED /* Debug */ = {
			isa = XCBuildConfiguration;
			buildSettings = {
				ALWAYS_SEARCH_USER_PATHS = NO;
				CLANG_ANALYZER_NONNULL = YES;
				CLANG_ANALYZER_NUMBER_OBJECT_CONVERSION = YES_AGGRESSIVE;
				CLANG_CXX_LANGUAGE_STANDARD = "gnu++20";
				CLANG_ENABLE_MODULES = YES;
				CLANG_ENABLE_OBJC_ARC = YES;
				CLANG_ENABLE_OBJC_WEAK = YES;
				CLANG_WARN_BLOCK_CAPTURE_AUTORELEASING = YES;
				CLANG_WARN_BOOL_CONVERSION = YES;
				CLANG_WARN_COMMA = YES;
				CLANG_WARN_CONSTANT_CONVERSION = YES;
				CLANG_WARN_DEPRECATED_OBJC_IMPLEMENTATIONS = YES;
				CLANG_WARN_DIRECT_OBJC_ISA_USAGE = YES_ERROR;
				CLANG_WARN_DOCUMENTATION_COMMENTS = YES;
				CLANG_WARN_EMPTY_BODY = YES;
				CLANG_WARN_ENUM_CONVERSION = YES;
				CLANG_WARN_INFINITE_RECURSION = YES;
				CLANG_WARN_INT_CONVERSION = YES;
				CLANG_WARN_NON_LITERAL_NULL_CONVERSION = YES;
				CLANG_WARN_OBJC_IMPLICIT_RETAIN_SELF = YES;
				CLANG_WARN_OBJC_LITERAL_CONVERSION = YES;
				CLANG_WARN_OBJC_ROOT_CLASS = YES_ERROR;
				CLANG_WARN_QUOTED_INCLUDE_IN_FRAMEWORK_HEADER = YES;
				CLANG_WARN_RANGE_LOOP_ANALYSIS = YES;
				CLANG_WARN_STRICT_PROTOTYPES = YES;
				CLANG_WARN_SUSPICIOUS_MOVE = YES;
				CLANG_WARN_UNGUARDED_AVAILABILITY = YES_AGGRESSIVE;
				CLANG_WARN_UNREACHABLE_CODE = YES;
				CLANG_WARN__DUPLICATE_METHOD_MATCH = YES;
				COPY_PHASE_STRIP = NO;
				DEBUG_INFORMATION_FORMAT = dwarf;
				ENABLE_STRICT_OBJC_MSGSEND = YES;
				ENABLE_TESTABILITY = YES;
				GCC_C_LANGUAGE_STANDARD = gnu11;
				GCC_DYNAMIC_NO_PIC = NO;
				GCC_NO_COMMON_BLOCKS = YES;
				GCC_OPTIMIZATION_LEVEL = 0;
				GCC_PREPROCESSOR_DEFINITIONS = (
					"DEBUG=1",
					"$(inherited)",
				);
				GCC_WARN_64_TO_32_BIT_CONVERSION = YES;
				GCC_WARN_ABOUT_RETURN_TYPE = YES_ERROR;
				GCC_WARN_UNDECLARED_SELECTOR = YES;
				GCC_WARN_UNINITIALIZED_AUTOS = YES_AGGRESSIVE;
				GCC_WARN_UNUSED_FUNCTION = YES;
				GCC_WARN_UNUSED_VARIABLE = YES;
				MACOSX_DEPLOYMENT_TARGET = 12.3;
				MTL_ENABLE_DEBUG_INFO = INCLUDE_SOURCE;
				MTL_FAST_MATH = YES;
				ONLY_ACTIVE_ARCH = YES;
				SDKROOT = macosx;
				SWIFT_ACTIVE_COMPILATION_CONDITIONS = DEBUG;
				SWIFT_OPTIMIZATION_LEVEL = "-Onone";
			};
			name = Debug;
		};
		0465A30F29DAB96F00ED66ED /* Release */ = {
			isa = XCBuildConfiguration;
			buildSettings = {
				ALWAYS_SEARCH_USER_PATHS = NO;
				CLANG_ANALYZER_NONNULL = YES;
				CLANG_ANALYZER_NUMBER_OBJECT_CONVERSION = YES_AGGRESSIVE;
				CLANG_CXX_LANGUAGE_STANDARD = "gnu++20";
				CLANG_ENABLE_MODULES = YES;
				CLANG_ENABLE_OBJC_ARC = YES;
				CLANG_ENABLE_OBJC_WEAK = YES;
				CLANG_WARN_BLOCK_CAPTURE_AUTORELEASING = YES;
				CLANG_WARN_BOOL_CONVERSION = YES;
				CLANG_WARN_COMMA = YES;
				CLANG_WARN_CONSTANT_CONVERSION = YES;
				CLANG_WARN_DEPRECATED_OBJC_IMPLEMENTATIONS = YES;
				CLANG_WARN_DIRECT_OBJC_ISA_USAGE = YES_ERROR;
				CLANG_WARN_DOCUMENTATION_COMMENTS = YES;
				CLANG_WARN_EMPTY_BODY = YES;
				CLANG_WARN_ENUM_CONVERSION = YES;
				CLANG_WARN_INFINITE_RECURSION = YES;
				CLANG_WARN_INT_CONVERSION = YES;
				CLANG_WARN_NON_LITERAL_NULL_CONVERSION = YES;
				CLANG_WARN_OBJC_IMPLICIT_RETAIN_SELF = YES;
				CLANG_WARN_OBJC_LITERAL_CONVERSION = YES;
				CLANG_WARN_OBJC_ROOT_CLASS = YES_ERROR;
				CLANG_WARN_QUOTED_INCLUDE_IN_FRAMEWORK_HEADER = YES;
				CLANG_WARN_RANGE_LOOP_ANALYSIS = YES;
				CLANG_WARN_STRICT_PROTOTYPES = YES;
				CLANG_WARN_SUSPICIOUS_MOVE = YES;
				CLANG_WARN_UNGUARDED_AVAILABILITY = YES_AGGRESSIVE;
				CLANG_WARN_UNREACHABLE_CODE = YES;
				CLANG_WARN__DUPLICATE_METHOD_MATCH = YES;
				COPY_PHASE_STRIP = NO;
				DEBUG_INFORMATION_FORMAT = "dwarf-with-dsym";
				ENABLE_NS_ASSERTIONS = NO;
				ENABLE_STRICT_OBJC_MSGSEND = YES;
				GCC_C_LANGUAGE_STANDARD = gnu11;
				GCC_NO_COMMON_BLOCKS = YES;
				GCC_WARN_64_TO_32_BIT_CONVERSION = YES;
				GCC_WARN_ABOUT_RETURN_TYPE = YES_ERROR;
				GCC_WARN_UNDECLARED_SELECTOR = YES;
				GCC_WARN_UNINITIALIZED_AUTOS = YES_AGGRESSIVE;
				GCC_WARN_UNUSED_FUNCTION = YES;
				GCC_WARN_UNUSED_VARIABLE = YES;
				MACOSX_DEPLOYMENT_TARGET = 12.3;
				MTL_ENABLE_DEBUG_INFO = NO;
				MTL_FAST_MATH = YES;
				SDKROOT = macosx;
				SWIFT_COMPILATION_MODE = wholemodule;
				SWIFT_OPTIMIZATION_LEVEL = "-O";
			};
			name = Release;
		};
		0465A31129DAB96F00ED66ED /* Debug */ = {
			isa = XCBuildConfiguration;
			buildSettings = {
				CLANG_ENABLE_MODULES = YES;
				CODE_SIGN_STYLE = Automatic;
				DEVELOPMENT_TEAM = HQ9MZ38KLH;
				ENABLE_HARDENED_RUNTIME = YES;
				LD_RUNPATH_SEARCH_PATHS = (
					"$(inherited)",
					"@executable_path/../Frameworks",
					"@loader_path/../Frameworks",
				);
				PRODUCT_NAME = "$(TARGET_NAME)";
				SWIFT_OPTIMIZATION_LEVEL = "-Onone";
				SWIFT_VERSION = 5.0;
			};
			name = Debug;
		};
		0465A31229DAB96F00ED66ED /* Release */ = {
			isa = XCBuildConfiguration;
			buildSettings = {
				CLANG_ENABLE_MODULES = YES;
				CODE_SIGN_STYLE = Automatic;
				DEVELOPMENT_TEAM = HQ9MZ38KLH;
				ENABLE_HARDENED_RUNTIME = YES;
				LD_RUNPATH_SEARCH_PATHS = (
					"$(inherited)",
					"@executable_path/../Frameworks",
					"@loader_path/../Frameworks",
				);
				PRODUCT_NAME = "$(TARGET_NAME)";
				SWIFT_VERSION = 5.0;
			};
			name = Release;
		};
/* End XCBuildConfiguration section */

/* Begin XCConfigurationList section */
		0465A30429DAB96F00ED66ED /* Build configuration list for PBXProject "BackJoon" */ = {
			isa = XCConfigurationList;
			buildConfigurations = (
				0465A30E29DAB96F00ED66ED /* Debug */,
				0465A30F29DAB96F00ED66ED /* Release */,
			);
			defaultConfigurationIsVisible = 0;
			defaultConfigurationName = Release;
		};
		0465A31029DAB96F00ED66ED /* Build configuration list for PBXNativeTarget "BackJoon" */ = {
			isa = XCConfigurationList;
			buildConfigurations = (
				0465A31129DAB96F00ED66ED /* Debug */,
				0465A31229DAB96F00ED66ED /* Release */,
			);
			defaultConfigurationIsVisible = 0;
			defaultConfigurationName = Release;
		};
/* End XCConfigurationList section */
	};
	rootObject = 0465A30129DAB96F00ED66ED /* Project object */;
}
